
Microsoft Visual Studio Solution File, Format Version 12.00
# Visual Studio Version 17
VisualStudioVersion = 17.9.34728.123
MinimumVisualStudioVersion = 10.0.40219.1
Project("{FAE04EC0-301F-11D3-BF4B-00C04F79EFBC}") = "Ecommerce.Web", "Ecommerce.Web.csproj", "{EE567E01-C62C-42A0-82D6-EBCB0A986F63}"
EndProject
Project("{FAE04EC0-301F-11D3-BF4B-00C04F79EFBC}") = "Ecommerce.ProductService", "..\Ecommerce.ProductService\Ecommerce.ProductService.csproj", "{52003195-1B47-4015-8859-2B13336D47C0}"
EndProject
Project("{FAE04EC0-301F-11D3-BF4B-00C04F79EFBC}") = "Ecommerce.OrderService", "..\Ecommerce.OrderService\Ecommerce.OrderService.csproj", "{16A40635-3B93-4038-A28D-2C62A0F4664F}"
EndProject
Project("{FAE04EC0-301F-11D3-BF4B-00C04F79EFBC}") = "Ecommerce.Model", "..\Ecommerce.Model\Ecommerce.Model.csproj", "{D6551572-8A92-4287-9667-4169DFE281FC}"
EndProject
Project("{FAE04EC0-301F-11D3-BF4B-00C04F79EFBC}") = "Ecommerce.AppHost", "..\Ecommerce.AppHost\Ecommerce.AppHost.csproj", "{25AC4983-CD30-4F76-B10D-6DF8C85338E2}"
EndProject
Global
	GlobalSection(SolutionConfigurationPlatforms) = preSolution
		Debug|Any CPU = Debug|Any CPU
		Release|Any CPU = Release|Any CPU
	EndGlobalSection
	GlobalSection(ProjectConfigurationPlatforms) = postSolution
		{EE567E01-C62C-42A0-82D6-EBCB0A986F63}.Debug|Any CPU.ActiveCfg = Debug|Any CPU
		{EE567E01-C62C-42A0-82D6-EBCB0A986F63}.Debug|Any CPU.Build.0 = Debug|Any CPU
		{EE567E01-C62C-42A0-82D6-EBCB0A986F63}.Release|Any CPU.ActiveCfg = Release|Any CPU
		{EE567E01-C62C-42A0-82D6-EBCB0A986F63}.Release|Any CPU.Build.0 = Release|Any CPU
		{52003195-1B47-4015-8859-2B13336D47C0}.Debug|Any CPU.ActiveCfg = Debug|Any CPU
		{52003195-1B47-4015-8859-2B13336D47C0}.Debug|Any CPU.Build.0 = Debug|Any CPU
		{52003195-1B47-4015-8859-2B13336D47C0}.Release|Any CPU.ActiveCfg = Release|Any CPU
		{52003195-1B47-4015-8859-2B13336D47C0}.Release|Any CPU.Build.0 = Release|Any CPU
		{16A40635-3B93-4038-A28D-2C62A0F4664F}.Debug|Any CPU.ActiveCfg = Debug|Any CPU
		{16A40635-3B93-4038-A28D-2C62A0F4664F}.Debug|Any CPU.Build.0 = Debug|Any CPU
		{16A40635-3B93-4038-A28D-2C62A0F4664F}.Release|Any CPU.ActiveCfg = Release|Any CPU
		{16A40635-3B93-4038-A28D-2C62A0F4664F}.Release|Any CPU.Build.0 = Release|Any CPU
		{D6551572-8A92-4287-9667-4169DFE281FC}.Debug|Any CPU.ActiveCfg = Debug|Any CPU
		{D6551572-8A92-4287-9667-4169DFE281FC}.Debug|Any CPU.Build.0 = Debug|Any CPU
		{D6551572-8A92-4287-9667-4169DFE281FC}.Release|Any CPU.ActiveCfg = Release|Any CPU
		{D6551572-8A92-4287-9667-4169DFE281FC}.Release|Any CPU.Build.0 = Release|Any CPU
		{25AC4983-CD30-4F76-B10D-6DF8C85338E2}.Debug|Any CPU.ActiveCfg = Debug|Any CPU
		{25AC4983-CD30-4F76-B10D-6DF8C85338E2}.Debug|Any CPU.Build.0 = Debug|Any CPU
		{25AC4983-CD30-4F76-B10D-6DF8C85338E2}.Release|Any CPU.ActiveCfg = Release|Any CPU
		{25AC4983-CD30-4F76-B10D-6DF8C85338E2}.Release|Any CPU.Build.0 = Release|Any CPU
	EndGlobalSection
	GlobalSection(SolutionProperties) = preSolution
		HideSolutionNode = FALSE
	EndGlobalSection
	GlobalSection(ExtensibilityGlobals) = postSolution
		SolutionGuid = {79D8453B-CFEA-4213-9176-618F82926C03}
	EndGlobalSection
EndGlobal
